// !$*UTF8*$!
{
	archiveVersion = 1;
	classes = {
	};
	objectVersion = 77;
	objects = {

/* Begin PBXBuildFile section */
		F5139F342D67CEA0003BAD3F /* Lottie in Frameworks */ = {isa = PBXBuildFile; productRef = F5139F332D67CEA0003BAD3F /* Lottie */; };
		F57BA42E2D2BAE8E007988D3 /* FirebaseAuth in Frameworks */ = {isa = PBXBuildFile; productRef = F57BA42D2D2BAE8E007988D3 /* FirebaseAuth */; };
		F57BA4302D2BAE8E007988D3 /* FirebaseAuthCombine-Community in Frameworks */ = {isa = PBXBuildFile; productRef = F57BA42F2D2BAE8E007988D3 /* FirebaseAuthCombine-Community */; };
		F57BA4382D2BDE8B007988D3 /* FirebaseCore in Frameworks */ = {isa = PBXBuildFile; productRef = F57BA4372D2BDE8B007988D3 /* FirebaseCore */; };
		F585E82B2D4FEF7E00D041E9 /* SDWebImage in Frameworks */ = {isa = PBXBuildFile; productRef = F585E82A2D4FEF7E00D041E9 /* SDWebImage */; };
		F585E82D2D4FEF7E00D041E9 /* SDWebImageMapKit in Frameworks */ = {isa = PBXBuildFile; productRef = F585E82C2D4FEF7E00D041E9 /* SDWebImageMapKit */; };
		F598F4142D512E16008E6C80 /* FirebaseVertexAI in Frameworks */ = {isa = PBXBuildFile; productRef = F598F4132D512E16008E6C80 /* FirebaseVertexAI */; };
		F5B6E1BC2D2C021E0050E24A /* GoogleSignIn in Frameworks */ = {isa = PBXBuildFile; productRef = F5B6E1BB2D2C021E0050E24A /* GoogleSignIn */; };
		F5B6E1BE2D2C021E0050E24A /* GoogleSignInSwift in Frameworks */ = {isa = PBXBuildFile; productRef = F5B6E1BD2D2C021E0050E24A /* GoogleSignInSwift */; };
		F5B6E1C02D2C30F70050E24A /* FirebaseDatabase in Frameworks */ = {isa = PBXBuildFile; productRef = F5B6E1BF2D2C30F70050E24A /* FirebaseDatabase */; };
		F5B6E1C22D2C30F70050E24A /* FirebaseFirestore in Frameworks */ = {isa = PBXBuildFile; productRef = F5B6E1C12D2C30F70050E24A /* FirebaseFirestore */; };
		F5B6E1C42D2C30F70050E24A /* FirebaseFirestoreCombine-Community in Frameworks */ = {isa = PBXBuildFile; productRef = F5B6E1C32D2C30F70050E24A /* FirebaseFirestoreCombine-Community */; };
		F5B6E1C62D2C30F70050E24A /* FirebaseStorage in Frameworks */ = {isa = PBXBuildFile; productRef = F5B6E1C52D2C30F70050E24A /* FirebaseStorage */; };
		F5B6E1C82D2C30F70050E24A /* FirebaseStorageCombine-Community in Frameworks */ = {isa = PBXBuildFile; productRef = F5B6E1C72D2C30F70050E24A /* FirebaseStorageCombine-Community */; };
/* End PBXBuildFile section */

/* Begin PBXFileReference section */
		F5D14C602CC8A58E00CDB0EB /* What2Eat.app */ = {isa = PBXFileReference; explicitFileType = wrapper.application; includeInIndex = 0; path = What2Eat.app; sourceTree = BUILT_PRODUCTS_DIR; };
/* End PBXFileReference section */

/* Begin PBXFileSystemSynchronizedBuildFileExceptionSet section */
		F5D14C722CC8A58F00CDB0EB /* Exceptions for "What2Eat" folder in "What2Eat" target */ = {
			isa = PBXFileSystemSynchronizedBuildFileExceptionSet;
			membershipExceptions = (
				Info.plist,
			);
			target = F5D14C5F2CC8A58E00CDB0EB /* What2Eat */;
		};
/* End PBXFileSystemSynchronizedBuildFileExceptionSet section */

/* Begin PBXFileSystemSynchronizedRootGroup section */
		F5D14C622CC8A58E00CDB0EB /* What2Eat */ = {
			isa = PBXFileSystemSynchronizedRootGroup;
			exceptions = (
				F5D14C722CC8A58F00CDB0EB /* Exceptions for "What2Eat" folder in "What2Eat" target */,
			);
			path = What2Eat;
			sourceTree = "<group>";
		};
/* End PBXFileSystemSynchronizedRootGroup section */

/* Begin PBXFrameworksBuildPhase section */
		F5D14C5D2CC8A58E00CDB0EB /* Frameworks */ = {
			isa = PBXFrameworksBuildPhase;
			buildActionMask = 2147483647;
			files = (
				F5B6E1C02D2C30F70050E24A /* FirebaseDatabase in Frameworks */,
				F5139F342D67CEA0003BAD3F /* Lottie in Frameworks */,
				F5B6E1C42D2C30F70050E24A /* FirebaseFirestoreCombine-Community in Frameworks */,
				F5B6E1C82D2C30F70050E24A /* FirebaseStorageCombine-Community in Frameworks */,
				F5B6E1C62D2C30F70050E24A /* FirebaseStorage in Frameworks */,
				F5B6E1BE2D2C021E0050E24A /* GoogleSignInSwift in Frameworks */,
				F57BA42E2D2BAE8E007988D3 /* FirebaseAuth in Frameworks */,
				F5B6E1BC2D2C021E0050E24A /* GoogleSignIn in Frameworks */,
				F57BA4382D2BDE8B007988D3 /* FirebaseCore in Frameworks */,
				F585E82B2D4FEF7E00D041E9 /* SDWebImage in Frameworks */,
				F57BA4302D2BAE8E007988D3 /* FirebaseAuthCombine-Community in Frameworks */,
				F585E82D2D4FEF7E00D041E9 /* SDWebImageMapKit in Frameworks */,
				F598F4142D512E16008E6C80 /* FirebaseVertexAI in Frameworks */,
				F5B6E1C22D2C30F70050E24A /* FirebaseFirestore in Frameworks */,
			);
			runOnlyForDeploymentPostprocessing = 0;
		};
/* End PBXFrameworksBuildPhase section */

/* Begin PBXGroup section */
		F5D14C572CC8A58E00CDB0EB = {
			isa = PBXGroup;
			children = (
				F5D14C622CC8A58E00CDB0EB /* What2Eat */,
				F5D14C612CC8A58E00CDB0EB /* Products */,
			);
			sourceTree = "<group>";
		};
		F5D14C612CC8A58E00CDB0EB /* Products */ = {
			isa = PBXGroup;
			children = (
				F5D14C602CC8A58E00CDB0EB /* What2Eat.app */,
			);
			name = Products;
			sourceTree = "<group>";
		};
/* End PBXGroup section */

/* Begin PBXNativeTarget section */
		F5D14C5F2CC8A58E00CDB0EB /* What2Eat */ = {
			isa = PBXNativeTarget;
			buildConfigurationList = F5D14C732CC8A58F00CDB0EB /* Build configuration list for PBXNativeTarget "What2Eat" */;
			buildPhases = (
				F5D14C5C2CC8A58E00CDB0EB /* Sources */,
				F5D14C5D2CC8A58E00CDB0EB /* Frameworks */,
				F5D14C5E2CC8A58E00CDB0EB /* Resources */,
			);
			buildRules = (
			);
			dependencies = (
			);
			fileSystemSynchronizedGroups = (
				F5D14C622CC8A58E00CDB0EB /* What2Eat */,
			);
			name = What2Eat;
			packageProductDependencies = (
				F57BA42D2D2BAE8E007988D3 /* FirebaseAuth */,
				F57BA42F2D2BAE8E007988D3 /* FirebaseAuthCombine-Community */,
				F57BA4372D2BDE8B007988D3 /* FirebaseCore */,
				F5B6E1BB2D2C021E0050E24A /* GoogleSignIn */,
				F5B6E1BD2D2C021E0050E24A /* GoogleSignInSwift */,
				F5B6E1BF2D2C30F70050E24A /* FirebaseDatabase */,
				F5B6E1C12D2C30F70050E24A /* FirebaseFirestore */,
				F5B6E1C32D2C30F70050E24A /* FirebaseFirestoreCombine-Community */,
				F5B6E1C52D2C30F70050E24A /* FirebaseStorage */,
				F5B6E1C72D2C30F70050E24A /* FirebaseStorageCombine-Community */,
				F585E82A2D4FEF7E00D041E9 /* SDWebImage */,
				F585E82C2D4FEF7E00D041E9 /* SDWebImageMapKit */,
				F598F4132D512E16008E6C80 /* FirebaseVertexAI */,
				F5139F332D67CEA0003BAD3F /* Lottie */,
			);
			productName = What2Eat;
			productReference = F5D14C602CC8A58E00CDB0EB /* What2Eat.app */;
			productType = "com.apple.product-type.application";
		};
/* End PBXNativeTarget section */

/* Begin PBXProject section */
		F5D14C582CC8A58E00CDB0EB /* Project object */ = {
			isa = PBXProject;
			attributes = {
				BuildIndependentTargetsInParallel = 1;
				LastSwiftUpdateCheck = 1600;
				LastUpgradeCheck = 1600;
				TargetAttributes = {
					F5D14C5F2CC8A58E00CDB0EB = {
						CreatedOnToolsVersion = 16.0;
					};
				};
			};
			buildConfigurationList = F5D14C5B2CC8A58E00CDB0EB /* Build configuration list for PBXProject "What2Eat" */;
			developmentRegion = en;
			hasScannedForEncodings = 0;
			knownRegions = (
				en,
				Base,
			);
			mainGroup = F5D14C572CC8A58E00CDB0EB;
			minimizedProjectReferenceProxies = 1;
			packageReferences = (
				F57BA42C2D2BAE8E007988D3 /* XCRemoteSwiftPackageReference "firebase-ios-sdk" */,
				F5B6E1BA2D2C021E0050E24A /* XCRemoteSwiftPackageReference "GoogleSignIn-iOS" */,
				F585E8292D4FEF7E00D041E9 /* XCRemoteSwiftPackageReference "SDWebImage" */,
				F5139F322D67CEA0003BAD3F /* XCRemoteSwiftPackageReference "lottie-ios" */,
			);
			preferredProjectObjectVersion = 77;
			productRefGroup = F5D14C612CC8A58E00CDB0EB /* Products */;
			projectDirPath = "";
			projectRoot = "";
			targets = (
				F5D14C5F2CC8A58E00CDB0EB /* What2Eat */,
			);
		};
/* End PBXProject section */

/* Begin PBXResourcesBuildPhase section */
		F5D14C5E2CC8A58E00CDB0EB /* Resources */ = {
			isa = PBXResourcesBuildPhase;
			buildActionMask = 2147483647;
			files = (
			);
			runOnlyForDeploymentPostprocessing = 0;
		};
/* End PBXResourcesBuildPhase section */

/* Begin PBXSourcesBuildPhase section */
		F5D14C5C2CC8A58E00CDB0EB /* Sources */ = {
			isa = PBXSourcesBuildPhase;
			buildActionMask = 2147483647;
			files = (
			);
			runOnlyForDeploymentPostprocessing = 0;
		};
/* End PBXSourcesBuildPhase section */

/* Begin XCBuildConfiguration section */
		F5D14C742CC8A58F00CDB0EB /* Debug */ = {
			isa = XCBuildConfiguration;
			buildSettings = {
				ASSETCATALOG_COMPILER_APPICON_NAME = AppIcon;
				ASSETCATALOG_COMPILER_GLOBAL_ACCENT_COLOR_NAME = AccentColor;
				CODE_SIGN_STYLE = Automatic;
				CURRENT_PROJECT_VERSION = 1;
				DEVELOPMENT_TEAM = F64K86LK5G;
				GENERATE_INFOPLIST_FILE = YES;
				INFOPLIST_FILE = What2Eat/Info.plist;
				INFOPLIST_KEY_CFBundleDisplayName = What2Eat;
				INFOPLIST_KEY_LSApplicationCategoryType = "public.app-category.healthcare-fitness";
				INFOPLIST_KEY_NSCameraUsageDescription = "This app requires camera access to scan documents and extract text.";
				INFOPLIST_KEY_NSPhotoLibraryUsageDescription = "We need photo library access to upload product images";
				INFOPLIST_KEY_UIApplicationSupportsIndirectInputEvents = YES;
				INFOPLIST_KEY_UILaunchStoryboardName = LaunchScreen;
				INFOPLIST_KEY_UIMainStoryboardFile = Main;
				INFOPLIST_KEY_UISupportedInterfaceOrientations_iPad = "UIInterfaceOrientationPortrait UIInterfaceOrientationPortraitUpsideDown UIInterfaceOrientationLandscapeLeft UIInterfaceOrientationLandscapeRight";
				INFOPLIST_KEY_UISupportedInterfaceOrientations_iPhone = "UIInterfaceOrientationPortrait UIInterfaceOrientationLandscapeLeft UIInterfaceOrientationLandscapeRight";
				INFOPLIST_KEY_UIUserInterfaceStyle = Light;
				LD_RUNPATH_SEARCH_PATHS = (
					"$(inherited)",
					"@executable_path/Frameworks",
				);
				MARKETING_VERSION = 1.0;
				PRODUCT_BUNDLE_IDENTIFIER = com.what2eat.in;
				PRODUCT_NAME = "$(TARGET_NAME)";
				SWIFT_EMIT_LOC_STRINGS = YES;
				SWIFT_VERSION = 5.0;
				TARGETED_DEVICE_FAMILY = "1,2";
			};
			name = Debug;
		};
		F5D14C752CC8A58F00CDB0EB /* Release */ = {
			isa = XCBuildConfiguration;
			buildSettings = {
				ASSETCATALOG_COMPILER_APPICON_NAME = AppIcon;
				ASSETCATALOG_COMPILER_GLOBAL_ACCENT_COLOR_NAME = AccentColor;
				CODE_SIGN_STYLE = Automatic;
				CURRENT_PROJECT_VERSION = 1;
				DEVELOPMENT_TEAM = F64K86LK5G;
				GENERATE_INFOPLIST_FILE = YES;
				INFOPLIST_FILE = What2Eat/Info.plist;
				INFOPLIST_KEY_CFBundleDisplayName = What2Eat;
				INFOPLIST_KEY_LSApplicationCategoryType = "public.app-category.healthcare-fitness";
				INFOPLIST_KEY_NSCameraUsageDescription = "This app requires camera access to scan documents and extract text.";
				INFOPLIST_KEY_NSPhotoLibraryUsageDescription = "We need photo library access to upload product images";
				INFOPLIST_KEY_UIApplicationSupportsIndirectInputEvents = YES;
				INFOPLIST_KEY_UILaunchStoryboardName = LaunchScreen;
				INFOPLIST_KEY_UIMainStoryboardFile = Main;
				INFOPLIST_KEY_UISupportedInterfaceOrientations_iPad = "UIInterfaceOrientationPortrait UIInterfaceOrientationPortraitUpsideDown UIInterfaceOrientationLandscapeLeft UIInterfaceOrientationLandscapeRight";
				INFOPLIST_KEY_UISupportedInterfaceOrientations_iPhone = "UIInterfaceOrientationPortrait UIInterfaceOrientationLandscapeLeft UIInterfaceOrientationLandscapeRight";
				INFOPLIST_KEY_UIUserInterfaceStyle = Light;
				LD_RUNPATH_SEARCH_PATHS = (
					"$(inherited)",
					"@executable_path/Frameworks",
				);
				MARKETING_VERSION = 1.0;
				PRODUCT_BUNDLE_IDENTIFIER = com.team11.hm;
				PRODUCT_NAME = "$(TARGET_NAME)";
				SWIFT_EMIT_LOC_STRINGS = YES;
				SWIFT_VERSION = 5.0;
				TARGETED_DEVICE_FAMILY = "1,2";
			};
			name = Release;
		};
		F5D14C762CC8A58F00CDB0EB /* Debug */ = {
			isa = XCBuildConfiguration;
			buildSettings = {
				ALWAYS_SEARCH_USER_PATHS = NO;
				ASSETCATALOG_COMPILER_GENERATE_SWIFT_ASSET_SYMBOL_EXTENSIONS = YES;
				CLANG_ANALYZER_NONNULL = YES;
				CLANG_ANALYZER_NUMBER_OBJECT_CONVERSION = YES_AGGRESSIVE;
				CLANG_CXX_LANGUAGE_STANDARD = "gnu++20";
				CLANG_ENABLE_MODULES = YES;
				CLANG_ENABLE_OBJC_ARC = YES;
				CLANG_ENABLE_OBJC_WEAK = YES;
				CLANG_WARN_BLOCK_CAPTURE_AUTORELEASING = YES;
				CLANG_WARN_BOOL_CONVERSION = YES;
				CLANG_WARN_COMMA = YES;
				CLANG_WARN_CONSTANT_CONVERSION = YES;
				CLANG_WARN_DEPRECATED_OBJC_IMPLEMENTATIONS = YES;
				CLANG_WARN_DIRECT_OBJC_ISA_USAGE = YES_ERROR;
				CLANG_WARN_DOCUMENTATION_COMMENTS = YES;
				CLANG_WARN_EMPTY_BODY = YES;
				CLANG_WARN_ENUM_CONVERSION = YES;
				CLANG_WARN_INFINITE_RECURSION = YES;
				CLANG_WARN_INT_CONVERSION = YES;
				CLANG_WARN_NON_LITERAL_NULL_CONVERSION = YES;
				CLANG_WARN_OBJC_IMPLICIT_RETAIN_SELF = YES;
				CLANG_WARN_OBJC_LITERAL_CONVERSION = YES;
				CLANG_WARN_OBJC_ROOT_CLASS = YES_ERROR;
				CLANG_WARN_QUOTED_INCLUDE_IN_FRAMEWORK_HEADER = YES;
				CLANG_WARN_RANGE_LOOP_ANALYSIS = YES;
				CLANG_WARN_STRICT_PROTOTYPES = YES;
				CLANG_WARN_SUSPICIOUS_MOVE = YES;
				CLANG_WARN_UNGUARDED_AVAILABILITY = YES_AGGRESSIVE;
				CLANG_WARN_UNREACHABLE_CODE = YES;
				CLANG_WARN__DUPLICATE_METHOD_MATCH = YES;
				COPY_PHASE_STRIP = NO;
				DEBUG_INFORMATION_FORMAT = dwarf;
				ENABLE_STRICT_OBJC_MSGSEND = YES;
				ENABLE_TESTABILITY = YES;
				ENABLE_USER_SCRIPT_SANDBOXING = YES;
				GCC_C_LANGUAGE_STANDARD = gnu17;
				GCC_DYNAMIC_NO_PIC = NO;
				GCC_NO_COMMON_BLOCKS = YES;
				GCC_OPTIMIZATION_LEVEL = 0;
				GCC_PREPROCESSOR_DEFINITIONS = (
					"DEBUG=1",
					"$(inherited)",
				);
				GCC_WARN_64_TO_32_BIT_CONVERSION = YES;
				GCC_WARN_ABOUT_RETURN_TYPE = YES_ERROR;
				GCC_WARN_UNDECLARED_SELECTOR = YES;
				GCC_WARN_UNINITIALIZED_AUTOS = YES_AGGRESSIVE;
				GCC_WARN_UNUSED_FUNCTION = YES;
				GCC_WARN_UNUSED_VARIABLE = YES;
				IPHONEOS_DEPLOYMENT_TARGET = 18.0;
				LOCALIZATION_PREFERS_STRING_CATALOGS = YES;
				MTL_ENABLE_DEBUG_INFO = INCLUDE_SOURCE;
				MTL_FAST_MATH = YES;
				ONLY_ACTIVE_ARCH = YES;
				SDKROOT = iphoneos;
				SWIFT_ACTIVE_COMPILATION_CONDITIONS = "DEBUG $(inherited)";
				SWIFT_OPTIMIZATION_LEVEL = "-Onone";
			};
			name = Debug;
		};
		F5D14C772CC8A58F00CDB0EB /* Release */ = {
			isa = XCBuildConfiguration;
			buildSettings = {
				ALWAYS_SEARCH_USER_PATHS = NO;
				ASSETCATALOG_COMPILER_GENERATE_SWIFT_ASSET_SYMBOL_EXTENSIONS = YES;
				CLANG_ANALYZER_NONNULL = YES;
				CLANG_ANALYZER_NUMBER_OBJECT_CONVERSION = YES_AGGRESSIVE;
				CLANG_CXX_LANGUAGE_STANDARD = "gnu++20";
				CLANG_ENABLE_MODULES = YES;
				CLANG_ENABLE_OBJC_ARC = YES;
				CLANG_ENABLE_OBJC_WEAK = YES;
				CLANG_WARN_BLOCK_CAPTURE_AUTORELEASING = YES;
				CLANG_WARN_BOOL_CONVERSION = YES;
				CLANG_WARN_COMMA = YES;
				CLANG_WARN_CONSTANT_CONVERSION = YES;
				CLANG_WARN_DEPRECATED_OBJC_IMPLEMENTATIONS = YES;
				CLANG_WARN_DIRECT_OBJC_ISA_USAGE = YES_ERROR;
				CLANG_WARN_DOCUMENTATION_COMMENTS = YES;
				CLANG_WARN_EMPTY_BODY = YES;
				CLANG_WARN_ENUM_CONVERSION = YES;
				CLANG_WARN_INFINITE_RECURSION = YES;
				CLANG_WARN_INT_CONVERSION = YES;
				CLANG_WARN_NON_LITERAL_NULL_CONVERSION = YES;
				CLANG_WARN_OBJC_IMPLICIT_RETAIN_SELF = YES;
				CLANG_WARN_OBJC_LITERAL_CONVERSION = YES;
				CLANG_WARN_OBJC_ROOT_CLASS = YES_ERROR;
				CLANG_WARN_QUOTED_INCLUDE_IN_FRAMEWORK_HEADER = YES;
				CLANG_WARN_RANGE_LOOP_ANALYSIS = YES;
				CLANG_WARN_STRICT_PROTOTYPES = YES;
				CLANG_WARN_SUSPICIOUS_MOVE = YES;
				CLANG_WARN_UNGUARDED_AVAILABILITY = YES_AGGRESSIVE;
				CLANG_WARN_UNREACHABLE_CODE = YES;
				CLANG_WARN__DUPLICATE_METHOD_MATCH = YES;
				COPY_PHASE_STRIP = NO;
				DEBUG_INFORMATION_FORMAT = "dwarf-with-dsym";
				ENABLE_NS_ASSERTIONS = NO;
				ENABLE_STRICT_OBJC_MSGSEND = YES;
				ENABLE_USER_SCRIPT_SANDBOXING = YES;
				GCC_C_LANGUAGE_STANDARD = gnu17;
				GCC_NO_COMMON_BLOCKS = YES;
				GCC_WARN_64_TO_32_BIT_CONVERSION = YES;
				GCC_WARN_ABOUT_RETURN_TYPE = YES_ERROR;
				GCC_WARN_UNDECLARED_SELECTOR = YES;
				GCC_WARN_UNINITIALIZED_AUTOS = YES_AGGRESSIVE;
				GCC_WARN_UNUSED_FUNCTION = YES;
				GCC_WARN_UNUSED_VARIABLE = YES;
				IPHONEOS_DEPLOYMENT_TARGET = 18.0;
				LOCALIZATION_PREFERS_STRING_CATALOGS = YES;
				MTL_ENABLE_DEBUG_INFO = NO;
				MTL_FAST_MATH = YES;
				SDKROOT = iphoneos;
				SWIFT_COMPILATION_MODE = wholemodule;
				VALIDATE_PRODUCT = YES;
			};
			name = Release;
		};
/* End XCBuildConfiguration section */

/* Begin XCConfigurationList section */
		F5D14C5B2CC8A58E00CDB0EB /* Build configuration list for PBXProject "What2Eat" */ = {
			isa = XCConfigurationList;
			buildConfigurations = (
				F5D14C762CC8A58F00CDB0EB /* Debug */,
				F5D14C772CC8A58F00CDB0EB /* Release */,
			);
			defaultConfigurationIsVisible = 0;
			defaultConfigurationName = Release;
		};
		F5D14C732CC8A58F00CDB0EB /* Build configuration list for PBXNativeTarget "What2Eat" */ = {
			isa = XCConfigurationList;
			buildConfigurations = (
				F5D14C742CC8A58F00CDB0EB /* Debug */,
				F5D14C752CC8A58F00CDB0EB /* Release */,
			);
			defaultConfigurationIsVisible = 0;
			defaultConfigurationName = Release;
		};
/* End XCConfigurationList section */

/* Begin XCRemoteSwiftPackageReference section */
		F5139F322D67CEA0003BAD3F /* XCRemoteSwiftPackageReference "lottie-ios" */ = {
			isa = XCRemoteSwiftPackageReference;
			repositoryURL = "https://github.com/airbnb/lottie-ios";
			requirement = {
				kind = upToNextMajorVersion;
				minimumVersion = 4.5.1;
			};
		};
		F57BA42C2D2BAE8E007988D3 /* XCRemoteSwiftPackageReference "firebase-ios-sdk" */ = {
			isa = XCRemoteSwiftPackageReference;
			repositoryURL = "https://github.com/firebase/firebase-ios-sdk";
			requirement = {
				kind = upToNextMajorVersion;
				minimumVersion = 11.6.0;
			};
		};
		F585E8292D4FEF7E00D041E9 /* XCRemoteSwiftPackageReference "SDWebImage" */ = {
			isa = XCRemoteSwiftPackageReference;
			repositoryURL = "https://github.com/SDWebImage/SDWebImage.git";
			requirement = {
				kind = upToNextMajorVersion;
				minimumVersion = 5.20.0;
			};
		};
		F5B6E1BA2D2C021E0050E24A /* XCRemoteSwiftPackageReference "GoogleSignIn-iOS" */ = {
			isa = XCRemoteSwiftPackageReference;
			repositoryURL = "https://github.com/google/GoogleSignIn-iOS";
			requirement = {
				kind = upToNextMajorVersion;
				minimumVersion = 8.0.0;
			};
		};
/* End XCRemoteSwiftPackageReference section */

/* Begin XCSwiftPackageProductDependency section */
		F5139F332D67CEA0003BAD3F /* Lottie */ = {
			isa = XCSwiftPackageProductDependency;
			package = F5139F322D67CEA0003BAD3F /* XCRemoteSwiftPackageReference "lottie-ios" */;
			productName = Lottie;
		};
		F57BA42D2D2BAE8E007988D3 /* FirebaseAuth */ = {
			isa = XCSwiftPackageProductDependency;
			package = F57BA42C2D2BAE8E007988D3 /* XCRemoteSwiftPackageReference "firebase-ios-sdk" */;
			productName = FirebaseAuth;
		};
		F57BA42F2D2BAE8E007988D3 /* FirebaseAuthCombine-Community */ = {
			isa = XCSwiftPackageProductDependency;
			package = F57BA42C2D2BAE8E007988D3 /* XCRemoteSwiftPackageReference "firebase-ios-sdk" */;
			productName = "FirebaseAuthCombine-Community";
		};
		F57BA4372D2BDE8B007988D3 /* FirebaseCore */ = {
			isa = XCSwiftPackageProductDependency;
			package = F57BA42C2D2BAE8E007988D3 /* XCRemoteSwiftPackageReference "firebase-ios-sdk" */;
			productName = FirebaseCore;
		};
		F585E82A2D4FEF7E00D041E9 /* SDWebImage */ = {
			isa = XCSwiftPackageProductDependency;
			package = F585E8292D4FEF7E00D041E9 /* XCRemoteSwiftPackageReference "SDWebImage" */;
			productName = SDWebImage;
		};
		F585E82C2D4FEF7E00D041E9 /* SDWebImageMapKit */ = {
			isa = XCSwiftPackageProductDependency;
			package = F585E8292D4FEF7E00D041E9 /* XCRemoteSwiftPackageReference "SDWebImage" */;
			productName = SDWebImageMapKit;
		};
		F598F4132D512E16008E6C80 /* FirebaseVertexAI */ = {
			isa = XCSwiftPackageProductDependency;
			package = F57BA42C2D2BAE8E007988D3 /* XCRemoteSwiftPackageReference "firebase-ios-sdk" */;
			productName = FirebaseVertexAI;
		};
		F5B6E1BB2D2C021E0050E24A /* GoogleSignIn */ = {
			isa = XCSwiftPackageProductDependency;
			package = F5B6E1BA2D2C021E0050E24A /* XCRemoteSwiftPackageReference "GoogleSignIn-iOS" */;
			productName = GoogleSignIn;
		};
		F5B6E1BD2D2C021E0050E24A /* GoogleSignInSwift */ = {
			isa = XCSwiftPackageProductDependency;
			package = F5B6E1BA2D2C021E0050E24A /* XCRemoteSwiftPackageReference "GoogleSignIn-iOS" */;
			productName = GoogleSignInSwift;
		};
		F5B6E1BF2D2C30F70050E24A /* FirebaseDatabase */ = {
			isa = XCSwiftPackageProductDependency;
			package = F57BA42C2D2BAE8E007988D3 /* XCRemoteSwiftPackageReference "firebase-ios-sdk" */;
			productName = FirebaseDatabase;
		};
		F5B6E1C12D2C30F70050E24A /* FirebaseFirestore */ = {
			isa = XCSwiftPackageProductDependency;
			package = F57BA42C2D2BAE8E007988D3 /* XCRemoteSwiftPackageReference "firebase-ios-sdk" */;
			productName = FirebaseFirestore;
		};
		F5B6E1C32D2C30F70050E24A /* FirebaseFirestoreCombine-Community */ = {
			isa = XCSwiftPackageProductDependency;
			package = F57BA42C2D2BAE8E007988D3 /* XCRemoteSwiftPackageReference "firebase-ios-sdk" */;
			productName = "FirebaseFirestoreCombine-Community";
		};
		F5B6E1C52D2C30F70050E24A /* FirebaseStorage */ = {
			isa = XCSwiftPackageProductDependency;
			package = F57BA42C2D2BAE8E007988D3 /* XCRemoteSwiftPackageReference "firebase-ios-sdk" */;
			productName = FirebaseStorage;
		};
		F5B6E1C72D2C30F70050E24A /* FirebaseStorageCombine-Community */ = {
			isa = XCSwiftPackageProductDependency;
			package = F57BA42C2D2BAE8E007988D3 /* XCRemoteSwiftPackageReference "firebase-ios-sdk" */;
			productName = "FirebaseStorageCombine-Community";
		};
/* End XCSwiftPackageProductDependency section */
	};
	rootObject = F5D14C582CC8A58E00CDB0EB /* Project object */;
}
